
Microsoft Visual Studio Solution File, Format Version 12.00
# Visual Studio Version 17
VisualStudioVersion = 17.0.32126.317
MinimumVisualStudioVersion = 10.0.40219.1
Project("{FAE04EC0-301F-11D3-BF4B-00C04F79EFBC}") = "Estatistica.Dominio", "Estatistica.Dominio\Estatistica.Dominio.csproj", "{B429C134-0841-421D-904D-4C1EFB993160}"
EndProject
Project("{FAE04EC0-301F-11D3-BF4B-00C04F79EFBC}") = "Estatistica.TesteDeUnidade", "Estatistica.TesteDeUnidade\Estatistica.TesteDeUnidade.csproj", "{44071A39-7C2D-4FD8-9CED-FC4518B343EF}"
EndProject
Global
	GlobalSection(SolutionConfigurationPlatforms) = preSolution
		Debug|Any CPU = Debug|Any CPU
		Release|Any CPU = Release|Any CPU
	EndGlobalSection
	GlobalSection(ProjectConfigurationPlatforms) = postSolution
		{B429C134-0841-421D-904D-4C1EFB993160}.Debug|Any CPU.ActiveCfg = Debug|Any CPU
		{B429C134-0841-421D-904D-4C1EFB993160}.Debug|Any CPU.Build.0 = Debug|Any CPU
		{B429C134-0841-421D-904D-4C1EFB993160}.Release|Any CPU.ActiveCfg = Release|Any CPU
		{B429C134-0841-421D-904D-4C1EFB993160}.Release|Any CPU.Build.0 = Release|Any CPU
		{44071A39-7C2D-4FD8-9CED-FC4518B343EF}.Debug|Any CPU.ActiveCfg = Debug|Any CPU
		{44071A39-7C2D-4FD8-9CED-FC4518B343EF}.Debug|Any CPU.Build.0 = Debug|Any CPU
		{44071A39-7C2D-4FD8-9CED-FC4518B343EF}.Release|Any CPU.ActiveCfg = Release|Any CPU
		{44071A39-7C2D-4FD8-9CED-FC4518B343EF}.Release|Any CPU.Build.0 = Release|Any CPU
	EndGlobalSection
	GlobalSection(SolutionProperties) = preSolution
		HideSolutionNode = FALSE
	EndGlobalSection
	GlobalSection(ExtensibilityGlobals) = postSolution
		SolutionGuid = {D7096E9D-55E6-4003-A7FD-88CDB715EA0C}
	EndGlobalSection
EndGlobal
